# THIS IS AN AUTOGENERATED FILE. DO NOT EDIT THIS FILE DIRECTLY.
# yarn lockfile v1


"@types/readline-sync@^1.4.8":
  version "1.4.8"
  resolved "https://registry.npmjs.org/@types/readline-sync/-/readline-sync-1.4.8.tgz#dc9767a93fc83825d90331f2549a2e90fc3255f0"
  integrity sha512-BL7xOf0yKLA6baAX6MMOnYkoflUyj/c7y3pqMRfU0va7XlwHAOTOIo4x55P/qLfMsuaYdJJKubToLqRVmRtRZA==

commander@^14.0.1:
  version "14.0.1"
  resolved "https://registry.npmjs.org/commander/-/commander-14.0.1.tgz#2f9225c19e6ebd0dc4404dd45821b2caa17ea09b"
  integrity sha512-2JkV3gUZUVrbNA+1sjBOYLsMZ5cEEl8GTFP2a4AVz5hvasAMCQ1D2l2le/cX+pV4N6ZU17zjUahLpIXRrnWL8A==

readline-sync@^1.4.10:
  version "1.4.10"
  resolved "https://registry.npmjs.org/readline-sync/-/readline-sync-1.4.10.tgz#41df7fbb4b6312d673011594145705bf56d8873b"
  integrity sha512-gNva8/6UAe8QYepIQH/jQ2qn91Qj0B9sYjMBBs3QOB8F2CXcKgLxQaJRP76sWVRQt+QU+8fAkCbCvjjMFu7Ycw==

tgkw@^1.0.0:
  version "1.0.0"
  resolved "https://registry.npmjs.org/tgkw/-/tgkw-1.0.0.tgz#e09517725269cea3c3522cdf8be37b68cb9f6e05"
  integrity sha512-kRGFrskPfZZ7GPrs/0lNWbkXgtf671l+tw/6qotDNevPC+c3Zq//wQGVsx6CdAPM6yEKEqwC1ZGjZ/CFOR6Ccw==
  dependencies:
    "@types/readline-sync" "^1.4.8"
    commander "^14.0.1"
    readline-sync "^1.4.10"
